
Microsoft Visual Studio Solution File, Format Version 12.00
# Visual Studio Version 17
VisualStudioVersion = 17.5.002.0
MinimumVisualStudioVersion = 10.0.40219.1
Project("{9A19103F-16F7-4668-BE54-9A1E7A4F7556}") = "ModuloAPI", "ModuloAPI.csproj", "{62EDBFF4-47AB-4E9F-8487-A6E8B27305D9}"
EndProject
Global
	GlobalSection(SolutionConfigurationPlatforms) = preSolution
		Debug|Any CPU = Debug|Any CPU
		Release|Any CPU = Release|Any CPU
	EndGlobalSection
	GlobalSection(ProjectConfigurationPlatforms) = postSolution
		{62EDBFF4-47AB-4E9F-8487-A6E8B27305D9}.Debug|Any CPU.ActiveCfg = Debug|Any CPU
		{62EDBFF4-47AB-4E9F-8487-A6E8B27305D9}.Debug|Any CPU.Build.0 = Debug|Any CPU
		{62EDBFF4-47AB-4E9F-8487-A6E8B27305D9}.Release|Any CPU.ActiveCfg = Release|Any CPU
		{62EDBFF4-47AB-4E9F-8487-A6E8B27305D9}.Release|Any CPU.Build.0 = Release|Any CPU
	EndGlobalSection
	GlobalSection(SolutionProperties) = preSolution
		HideSolutionNode = FALSE
	EndGlobalSection
	GlobalSection(ExtensibilityGlobals) = postSolution
		SolutionGuid = {40FEC02A-30B1-424D-8337-35E0CA17AC76}
	EndGlobalSection
EndGlobal
