
Microsoft Visual Studio Solution File, Format Version 12.00
# Visual Studio Version 17
VisualStudioVersion = 17.0.31903.59
MinimumVisualStudioVersion = 10.0.40219.1
Project("{FAE04EC0-301F-11D3-BF4B-00C04F79EFBC}") = "ExemploFundamentos", "ExemploFundamentos\ExemploFundamentos.csproj", "{47B47CE2-3EB6-4784-902A-3EDB1842628C}"
EndProject
Project("{FAE04EC0-301F-11D3-BF4B-00C04F79EFBC}") = "ExemploFundamentos.Common", "ExemploFundamentos.Common\ExemploFundamentos.Common.csproj", "{98C4E690-F28E-431A-AD29-645BED74213D}"
EndProject
Global
	GlobalSection(SolutionConfigurationPlatforms) = preSolution
		Debug|Any CPU = Debug|Any CPU
		Release|Any CPU = Release|Any CPU
	EndGlobalSection
	GlobalSection(SolutionProperties) = preSolution
		HideSolutionNode = FALSE
	EndGlobalSection
	GlobalSection(ProjectConfigurationPlatforms) = postSolution
		{47B47CE2-3EB6-4784-902A-3EDB1842628C}.Debug|Any CPU.ActiveCfg = Debug|Any CPU
		{47B47CE2-3EB6-4784-902A-3EDB1842628C}.Debug|Any CPU.Build.0 = Debug|Any CPU
		{47B47CE2-3EB6-4784-902A-3EDB1842628C}.Release|Any CPU.ActiveCfg = Release|Any CPU
		{47B47CE2-3EB6-4784-902A-3EDB1842628C}.Release|Any CPU.Build.0 = Release|Any CPU
		{98C4E690-F28E-431A-AD29-645BED74213D}.Debug|Any CPU.ActiveCfg = Debug|Any CPU
		{98C4E690-F28E-431A-AD29-645BED74213D}.Debug|Any CPU.Build.0 = Debug|Any CPU
		{98C4E690-F28E-431A-AD29-645BED74213D}.Release|Any CPU.ActiveCfg = Release|Any CPU
		{98C4E690-F28E-431A-AD29-645BED74213D}.Release|Any CPU.Build.0 = Release|Any CPU
	EndGlobalSection
EndGlobal
